
Microsoft Visual Studio Solution File, Format Version 12.00
# Visual Studio Version 16
VisualStudioVersion = 16.0.29411.108
MinimumVisualStudioVersion = 10.0.40219.1
Project("{FAE04EC0-301F-11D3-BF4B-00C04F79EFBC}") = "NingsMart", "NingsMart\NingsMart.csproj", "{64553116-02A9-41D8-875A-543ABA2061A5}"
EndProject
Global
	GlobalSection(SolutionConfigurationPlatforms) = preSolution
		Debug|Any CPU = Debug|Any CPU
		Release|Any CPU = Release|Any CPU
	EndGlobalSection
	GlobalSection(ProjectConfigurationPlatforms) = postSolution
		{64553116-02A9-41D8-875A-543ABA2061A5}.Debug|Any CPU.ActiveCfg = Debug|Any CPU
		{64553116-02A9-41D8-875A-543ABA2061A5}.Debug|Any CPU.Build.0 = Debug|Any CPU
		{64553116-02A9-41D8-875A-543ABA2061A5}.Release|Any CPU.ActiveCfg = Release|Any CPU
		{64553116-02A9-41D8-875A-543ABA2061A5}.Release|Any CPU.Build.0 = Release|Any CPU
	EndGlobalSection
	GlobalSection(SolutionProperties) = preSolution
		HideSolutionNode = FALSE
	EndGlobalSection
	GlobalSection(ExtensibilityGlobals) = postSolution
		SolutionGuid = {70E06528-D99F-4C58-9EAA-9E3CD9648410}
	EndGlobalSection
EndGlobal
